
Microsoft Visual Studio Solution File, Format Version 12.00
# Visual Studio 14
VisualStudioVersion = 14.0.25420.1
MinimumVisualStudioVersion = 10.0.40219.1
Project("{FAE04EC0-301F-11D3-BF4B-00C04F79EFBC}") = "CrossAppStudy", "CrossAppStudy\CrossAppStudy\CrossAppStudy.csproj", "{D240BC50-D79C-46DE-AB66-D47D64181088}"
EndProject
Project("{FAE04EC0-301F-11D3-BF4B-00C04F79EFBC}") = "CrossAppStudy.Droid", "CrossAppStudy\CrossAppStudy.Droid\CrossAppStudy.Droid.csproj", "{2833D2D9-9476-4B9C-81DF-94C8052E1562}"
EndProject
Project("{FAE04EC0-301F-11D3-BF4B-00C04F79EFBC}") = "CrossAppStudy.iOS", "CrossAppStudy\CrossAppStudy.iOS\CrossAppStudy.iOS.csproj", "{45B65523-FF59-4EF9-8CF6-6F8B5E44D76F}"
EndProject
Project("{FAE04EC0-301F-11D3-BF4B-00C04F79EFBC}") = "CrossAppStudy.WinPhone", "CrossAppStudy\CrossAppStudy.WinPhone\CrossAppStudy.WinPhone.csproj", "{8282E71F-33C5-4DF8-A975-AF3216A9C0A5}"
EndProject
Project("{FAE04EC0-301F-11D3-BF4B-00C04F79EFBC}") = "CrossAppStudy.Windows", "CrossAppStudy\CrossAppStudy.Windows\CrossAppStudy.Windows.csproj", "{B34A95AE-0CBD-4D11-95CD-869ED36B99F6}"
EndProject
Global
	GlobalSection(SolutionConfigurationPlatforms) = preSolution
		Ad-Hoc|Any CPU = Ad-Hoc|Any CPU
		Ad-Hoc|ARM = Ad-Hoc|ARM
		Ad-Hoc|iPhone = Ad-Hoc|iPhone
		Ad-Hoc|iPhoneSimulator = Ad-Hoc|iPhoneSimulator
		Ad-Hoc|x64 = Ad-Hoc|x64
		Ad-Hoc|x86 = Ad-Hoc|x86
		AppStore|Any CPU = AppStore|Any CPU
		AppStore|ARM = AppStore|ARM
		AppStore|iPhone = AppStore|iPhone
		AppStore|iPhoneSimulator = AppStore|iPhoneSimulator
		AppStore|x64 = AppStore|x64
		AppStore|x86 = AppStore|x86
		Debug|Any CPU = Debug|Any CPU
		Debug|ARM = Debug|ARM
		Debug|iPhone = Debug|iPhone
		Debug|iPhoneSimulator = Debug|iPhoneSimulator
		Debug|x64 = Debug|x64
		Debug|x86 = Debug|x86
		Release|Any CPU = Release|Any CPU
		Release|ARM = Release|ARM
		Release|iPhone = Release|iPhone
		Release|iPhoneSimulator = Release|iPhoneSimulator
		Release|x64 = Release|x64
		Release|x86 = Release|x86
	EndGlobalSection
	GlobalSection(ProjectConfigurationPlatforms) = postSolution
		{D240BC50-D79C-46DE-AB66-D47D64181088}.Ad-Hoc|Any CPU.ActiveCfg = Release|Any CPU
		{D240BC50-D79C-46DE-AB66-D47D64181088}.Ad-Hoc|Any CPU.Build.0 = Release|Any CPU
		{D240BC50-D79C-46DE-AB66-D47D64181088}.Ad-Hoc|ARM.ActiveCfg = Release|Any CPU
		{D240BC50-D79C-46DE-AB66-D47D64181088}.Ad-Hoc|ARM.Build.0 = Release|Any CPU
		{D240BC50-D79C-46DE-AB66-D47D64181088}.Ad-Hoc|iPhone.ActiveCfg = Release|Any CPU
		{D240BC50-D79C-46DE-AB66-D47D64181088}.Ad-Hoc|iPhone.Build.0 = Release|Any CPU
		{D240BC50-D79C-46DE-AB66-D47D64181088}.Ad-Hoc|iPhoneSimulator.ActiveCfg = Release|Any CPU
		{D240BC50-D79C-46DE-AB66-D47D64181088}.Ad-Hoc|iPhoneSimulator.Build.0 = Release|Any CPU
		{D240BC50-D79C-46DE-AB66-D47D64181088}.Ad-Hoc|x64.ActiveCfg = Release|Any CPU
		{D240BC50-D79C-46DE-AB66-D47D64181088}.Ad-Hoc|x64.Build.0 = Release|Any CPU
		{D240BC50-D79C-46DE-AB66-D47D64181088}.Ad-Hoc|x86.ActiveCfg = Release|Any CPU
		{D240BC50-D79C-46DE-AB66-D47D64181088}.Ad-Hoc|x86.Build.0 = Release|Any CPU
		{D240BC50-D79C-46DE-AB66-D47D64181088}.AppStore|Any CPU.ActiveCfg = Release|Any CPU
		{D240BC50-D79C-46DE-AB66-D47D64181088}.AppStore|Any CPU.Build.0 = Release|Any CPU
		{D240BC50-D79C-46DE-AB66-D47D64181088}.AppStore|ARM.ActiveCfg = Release|Any CPU
		{D240BC50-D79C-46DE-AB66-D47D64181088}.AppStore|ARM.Build.0 = Release|Any CPU
		{D240BC50-D79C-46DE-AB66-D47D64181088}.AppStore|iPhone.ActiveCfg = Release|Any CPU
		{D240BC50-D79C-46DE-AB66-D47D64181088}.AppStore|iPhone.Build.0 = Release|Any CPU
		{D240BC50-D79C-46DE-AB66-D47D64181088}.AppStore|iPhoneSimulator.ActiveCfg = Release|Any CPU
		{D240BC50-D79C-46DE-AB66-D47D64181088}.AppStore|iPhoneSimulator.Build.0 = Release|Any CPU
		{D240BC50-D79C-46DE-AB66-D47D64181088}.AppStore|x64.ActiveCfg = Release|Any CPU
		{D240BC50-D79C-46DE-AB66-D47D64181088}.AppStore|x64.Build.0 = Release|Any CPU
		{D240BC50-D79C-46DE-AB66-D47D64181088}.AppStore|x86.ActiveCfg = Release|Any CPU
		{D240BC50-D79C-46DE-AB66-D47D64181088}.AppStore|x86.Build.0 = Release|Any CPU
		{D240BC50-D79C-46DE-AB66-D47D64181088}.Debug|Any CPU.ActiveCfg = Debug|Any CPU
		{D240BC50-D79C-46DE-AB66-D47D64181088}.Debug|Any CPU.Build.0 = Debug|Any CPU
		{D240BC50-D79C-46DE-AB66-D47D64181088}.Debug|ARM.ActiveCfg = Debug|Any CPU
		{D240BC50-D79C-46DE-AB66-D47D64181088}.Debug|ARM.Build.0 = Debug|Any CPU
		{D240BC50-D79C-46DE-AB66-D47D64181088}.Debug|iPhone.ActiveCfg = Debug|Any CPU
		{D240BC50-D79C-46DE-AB66-D47D64181088}.Debug|iPhone.Build.0 = Debug|Any CPU
		{D240BC50-D79C-46DE-AB66-D47D64181088}.Debug|iPhoneSimulator.ActiveCfg = Debug|Any CPU
		{D240BC50-D79C-46DE-AB66-D47D64181088}.Debug|iPhoneSimulator.Build.0 = Debug|Any CPU
		{D240BC50-D79C-46DE-AB66-D47D64181088}.Debug|x64.ActiveCfg = Debug|Any CPU
		{D240BC50-D79C-46DE-AB66-D47D64181088}.Debug|x64.Build.0 = Debug|Any CPU
		{D240BC50-D79C-46DE-AB66-D47D64181088}.Debug|x86.ActiveCfg = Debug|Any CPU
		{D240BC50-D79C-46DE-AB66-D47D64181088}.Debug|x86.Build.0 = Debug|Any CPU
		{D240BC50-D79C-46DE-AB66-D47D64181088}.Release|Any CPU.ActiveCfg = Release|Any CPU
		{D240BC50-D79C-46DE-AB66-D47D64181088}.Release|Any CPU.Build.0 = Release|Any CPU
		{D240BC50-D79C-46DE-AB66-D47D64181088}.Release|ARM.ActiveCfg = Release|Any CPU
		{D240BC50-D79C-46DE-AB66-D47D64181088}.Release|ARM.Build.0 = Release|Any CPU
		{D240BC50-D79C-46DE-AB66-D47D64181088}.Release|iPhone.ActiveCfg = Release|Any CPU
		{D240BC50-D79C-46DE-AB66-D47D64181088}.Release|iPhone.Build.0 = Release|Any CPU
		{D240BC50-D79C-46DE-AB66-D47D64181088}.Release|iPhoneSimulator.ActiveCfg = Release|Any CPU
		{D240BC50-D79C-46DE-AB66-D47D64181088}.Release|iPhoneSimulator.Build.0 = Release|Any CPU
		{D240BC50-D79C-46DE-AB66-D47D64181088}.Release|x64.ActiveCfg = Release|Any CPU
		{D240BC50-D79C-46DE-AB66-D47D64181088}.Release|x64.Build.0 = Release|Any CPU
		{D240BC50-D79C-46DE-AB66-D47D64181088}.Release|x86.ActiveCfg = Release|Any CPU
		{D240BC50-D79C-46DE-AB66-D47D64181088}.Release|x86.Build.0 = Release|Any CPU
		{2833D2D9-9476-4B9C-81DF-94C8052E1562}.Ad-Hoc|Any CPU.ActiveCfg = Release|Any CPU
		{2833D2D9-9476-4B9C-81DF-94C8052E1562}.Ad-Hoc|Any CPU.Build.0 = Release|Any CPU
		{2833D2D9-9476-4B9C-81DF-94C8052E1562}.Ad-Hoc|Any CPU.Deploy.0 = Release|Any CPU
		{2833D2D9-9476-4B9C-81DF-94C8052E1562}.Ad-Hoc|ARM.ActiveCfg = Release|Any CPU
		{2833D2D9-9476-4B9C-81DF-94C8052E1562}.Ad-Hoc|ARM.Build.0 = Release|Any CPU
		{2833D2D9-9476-4B9C-81DF-94C8052E1562}.Ad-Hoc|ARM.Deploy.0 = Release|Any CPU
		{2833D2D9-9476-4B9C-81DF-94C8052E1562}.Ad-Hoc|iPhone.ActiveCfg = Release|Any CPU
		{2833D2D9-9476-4B9C-81DF-94C8052E1562}.Ad-Hoc|iPhone.Build.0 = Release|Any CPU
		{2833D2D9-9476-4B9C-81DF-94C8052E1562}.Ad-Hoc|iPhone.Deploy.0 = Release|Any CPU
		{2833D2D9-9476-4B9C-81DF-94C8052E1562}.Ad-Hoc|iPhoneSimulator.ActiveCfg = Release|Any CPU
		{2833D2D9-9476-4B9C-81DF-94C8052E1562}.Ad-Hoc|iPhoneSimulator.Build.0 = Release|Any CPU
		{2833D2D9-9476-4B9C-81DF-94C8052E1562}.Ad-Hoc|iPhoneSimulator.Deploy.0 = Release|Any CPU
		{2833D2D9-9476-4B9C-81DF-94C8052E1562}.Ad-Hoc|x64.ActiveCfg = Release|Any CPU
		{2833D2D9-9476-4B9C-81DF-94C8052E1562}.Ad-Hoc|x64.Build.0 = Release|Any CPU
		{2833D2D9-9476-4B9C-81DF-94C8052E1562}.Ad-Hoc|x64.Deploy.0 = Release|Any CPU
		{2833D2D9-9476-4B9C-81DF-94C8052E1562}.Ad-Hoc|x86.ActiveCfg = Release|Any CPU
		{2833D2D9-9476-4B9C-81DF-94C8052E1562}.Ad-Hoc|x86.Build.0 = Release|Any CPU
		{2833D2D9-9476-4B9C-81DF-94C8052E1562}.Ad-Hoc|x86.Deploy.0 = Release|Any CPU
		{2833D2D9-9476-4B9C-81DF-94C8052E1562}.AppStore|Any CPU.ActiveCfg = Release|Any CPU
		{2833D2D9-9476-4B9C-81DF-94C8052E1562}.AppStore|Any CPU.Build.0 = Release|Any CPU
		{2833D2D9-9476-4B9C-81DF-94C8052E1562}.AppStore|Any CPU.Deploy.0 = Release|Any CPU
		{2833D2D9-9476-4B9C-81DF-94C8052E1562}.AppStore|ARM.ActiveCfg = Release|Any CPU
		{2833D2D9-9476-4B9C-81DF-94C8052E1562}.AppStore|ARM.Build.0 = Release|Any CPU
		{2833D2D9-9476-4B9C-81DF-94C8052E1562}.AppStore|ARM.Deploy.0 = Release|Any CPU
		{2833D2D9-9476-4B9C-81DF-94C8052E1562}.AppStore|iPhone.ActiveCfg = Release|Any CPU
		{2833D2D9-9476-4B9C-81DF-94C8052E1562}.AppStore|iPhone.Build.0 = Release|Any CPU
		{2833D2D9-9476-4B9C-81DF-94C8052E1562}.AppStore|iPhone.Deploy.0 = Release|Any CPU
		{2833D2D9-9476-4B9C-81DF-94C8052E1562}.AppStore|iPhoneSimulator.ActiveCfg = Release|Any CPU
		{2833D2D9-9476-4B9C-81DF-94C8052E1562}.AppStore|iPhoneSimulator.Build.0 = Release|Any CPU
		{2833D2D9-9476-4B9C-81DF-94C8052E1562}.AppStore|iPhoneSimulator.Deploy.0 = Release|Any CPU
		{2833D2D9-9476-4B9C-81DF-94C8052E1562}.AppStore|x64.ActiveCfg = Release|Any CPU
		{2833D2D9-9476-4B9C-81DF-94C8052E1562}.AppStore|x64.Build.0 = Release|Any CPU
		{2833D2D9-9476-4B9C-81DF-94C8052E1562}.AppStore|x64.Deploy.0 = Release|Any CPU
		{2833D2D9-9476-4B9C-81DF-94C8052E1562}.AppStore|x86.ActiveCfg = Release|Any CPU
		{2833D2D9-9476-4B9C-81DF-94C8052E1562}.AppStore|x86.Build.0 = Release|Any CPU
		{2833D2D9-9476-4B9C-81DF-94C8052E1562}.AppStore|x86.Deploy.0 = Release|Any CPU
		{2833D2D9-9476-4B9C-81DF-94C8052E1562}.Debug|Any CPU.ActiveCfg = Debug|Any CPU
		{2833D2D9-9476-4B9C-81DF-94C8052E1562}.Debug|Any CPU.Build.0 = Debug|Any CPU
		{2833D2D9-9476-4B9C-81DF-94C8052E1562}.Debug|Any CPU.Deploy.0 = Debug|Any CPU
		{2833D2D9-9476-4B9C-81DF-94C8052E1562}.Debug|ARM.ActiveCfg = Debug|Any CPU
		{2833D2D9-9476-4B9C-81DF-94C8052E1562}.Debug|ARM.Build.0 = Debug|Any CPU
		{2833D2D9-9476-4B9C-81DF-94C8052E1562}.Debug|ARM.Deploy.0 = Debug|Any CPU
		{2833D2D9-9476-4B9C-81DF-94C8052E1562}.Debug|iPhone.ActiveCfg = Debug|Any CPU
		{2833D2D9-9476-4B9C-81DF-94C8052E1562}.Debug|iPhone.Build.0 = Debug|Any CPU
		{2833D2D9-9476-4B9C-81DF-94C8052E1562}.Debug|iPhone.Deploy.0 = Debug|Any CPU
		{2833D2D9-9476-4B9C-81DF-94C8052E1562}.Debug|iPhoneSimulator.ActiveCfg = Debug|Any CPU
		{2833D2D9-9476-4B9C-81DF-94C8052E1562}.Debug|iPhoneSimulator.Build.0 = Debug|Any CPU
		{2833D2D9-9476-4B9C-81DF-94C8052E1562}.Debug|iPhoneSimulator.Deploy.0 = Debug|Any CPU
		{2833D2D9-9476-4B9C-81DF-94C8052E1562}.Debug|x64.ActiveCfg = Debug|Any CPU
		{2833D2D9-9476-4B9C-81DF-94C8052E1562}.Debug|x64.Build.0 = Debug|Any CPU
		{2833D2D9-9476-4B9C-81DF-94C8052E1562}.Debug|x64.Deploy.0 = Debug|Any CPU
		{2833D2D9-9476-4B9C-81DF-94C8052E1562}.Debug|x86.ActiveCfg = Debug|Any CPU
		{2833D2D9-9476-4B9C-81DF-94C8052E1562}.Debug|x86.Build.0 = Debug|Any CPU
		{2833D2D9-9476-4B9C-81DF-94C8052E1562}.Debug|x86.Deploy.0 = Debug|Any CPU
		{2833D2D9-9476-4B9C-81DF-94C8052E1562}.Release|Any CPU.ActiveCfg = Release|Any CPU
		{2833D2D9-9476-4B9C-81DF-94C8052E1562}.Release|Any CPU.Build.0 = Release|Any CPU
		{2833D2D9-9476-4B9C-81DF-94C8052E1562}.Release|Any CPU.Deploy.0 = Release|Any CPU
		{2833D2D9-9476-4B9C-81DF-94C8052E1562}.Release|ARM.ActiveCfg = Release|Any CPU
		{2833D2D9-9476-4B9C-81DF-94C8052E1562}.Release|ARM.Build.0 = Release|Any CPU
		{2833D2D9-9476-4B9C-81DF-94C8052E1562}.Release|ARM.Deploy.0 = Release|Any CPU
		{2833D2D9-9476-4B9C-81DF-94C8052E1562}.Release|iPhone.ActiveCfg = Release|Any CPU
		{2833D2D9-9476-4B9C-81DF-94C8052E1562}.Release|iPhone.Build.0 = Release|Any CPU
		{2833D2D9-9476-4B9C-81DF-94C8052E1562}.Release|iPhone.Deploy.0 = Release|Any CPU
		{2833D2D9-9476-4B9C-81DF-94C8052E1562}.Release|iPhoneSimulator.ActiveCfg = Release|Any CPU
		{2833D2D9-9476-4B9C-81DF-94C8052E1562}.Release|iPhoneSimulator.Build.0 = Release|Any CPU
		{2833D2D9-9476-4B9C-81DF-94C8052E1562}.Release|iPhoneSimulator.Deploy.0 = Release|Any CPU
		{2833D2D9-9476-4B9C-81DF-94C8052E1562}.Release|x64.ActiveCfg = Release|Any CPU
		{2833D2D9-9476-4B9C-81DF-94C8052E1562}.Release|x64.Build.0 = Release|Any CPU
		{2833D2D9-9476-4B9C-81DF-94C8052E1562}.Release|x64.Deploy.0 = Release|Any CPU
		{2833D2D9-9476-4B9C-81DF-94C8052E1562}.Release|x86.ActiveCfg = Release|Any CPU
		{2833D2D9-9476-4B9C-81DF-94C8052E1562}.Release|x86.Build.0 = Release|Any CPU
		{2833D2D9-9476-4B9C-81DF-94C8052E1562}.Release|x86.Deploy.0 = Release|Any CPU
		{45B65523-FF59-4EF9-8CF6-6F8B5E44D76F}.Ad-Hoc|Any CPU.ActiveCfg = Ad-Hoc|iPhone
		{45B65523-FF59-4EF9-8CF6-6F8B5E44D76F}.Ad-Hoc|ARM.ActiveCfg = Ad-Hoc|iPhone
		{45B65523-FF59-4EF9-8CF6-6F8B5E44D76F}.Ad-Hoc|iPhone.ActiveCfg = Ad-Hoc|iPhone
		{45B65523-FF59-4EF9-8CF6-6F8B5E44D76F}.Ad-Hoc|iPhone.Build.0 = Ad-Hoc|iPhone
		{45B65523-FF59-4EF9-8CF6-6F8B5E44D76F}.Ad-Hoc|iPhoneSimulator.ActiveCfg = Ad-Hoc|iPhoneSimulator
		{45B65523-FF59-4EF9-8CF6-6F8B5E44D76F}.Ad-Hoc|iPhoneSimulator.Build.0 = Ad-Hoc|iPhoneSimulator
		{45B65523-FF59-4EF9-8CF6-6F8B5E44D76F}.Ad-Hoc|x64.ActiveCfg = Ad-Hoc|iPhone
		{45B65523-FF59-4EF9-8CF6-6F8B5E44D76F}.Ad-Hoc|x86.ActiveCfg = Ad-Hoc|iPhone
		{45B65523-FF59-4EF9-8CF6-6F8B5E44D76F}.AppStore|Any CPU.ActiveCfg = AppStore|iPhone
		{45B65523-FF59-4EF9-8CF6-6F8B5E44D76F}.AppStore|ARM.ActiveCfg = AppStore|iPhone
		{45B65523-FF59-4EF9-8CF6-6F8B5E44D76F}.AppStore|iPhone.ActiveCfg = AppStore|iPhone
		{45B65523-FF59-4EF9-8CF6-6F8B5E44D76F}.AppStore|iPhone.Build.0 = AppStore|iPhone
		{45B65523-FF59-4EF9-8CF6-6F8B5E44D76F}.AppStore|iPhoneSimulator.ActiveCfg = AppStore|iPhoneSimulator
		{45B65523-FF59-4EF9-8CF6-6F8B5E44D76F}.AppStore|iPhoneSimulator.Build.0 = AppStore|iPhoneSimulator
		{45B65523-FF59-4EF9-8CF6-6F8B5E44D76F}.AppStore|x64.ActiveCfg = AppStore|iPhone
		{45B65523-FF59-4EF9-8CF6-6F8B5E44D76F}.AppStore|x86.ActiveCfg = AppStore|iPhone
		{45B65523-FF59-4EF9-8CF6-6F8B5E44D76F}.Debug|Any CPU.ActiveCfg = Debug|iPhone
		{45B65523-FF59-4EF9-8CF6-6F8B5E44D76F}.Debug|ARM.ActiveCfg = Debug|iPhone
		{45B65523-FF59-4EF9-8CF6-6F8B5E44D76F}.Debug|iPhone.ActiveCfg = Debug|iPhone
		{45B65523-FF59-4EF9-8CF6-6F8B5E44D76F}.Debug|iPhone.Build.0 = Debug|iPhone
		{45B65523-FF59-4EF9-8CF6-6F8B5E44D76F}.Debug|iPhoneSimulator.ActiveCfg = Debug|iPhoneSimulator
		{45B65523-FF59-4EF9-8CF6-6F8B5E44D76F}.Debug|iPhoneSimulator.Build.0 = Debug|iPhoneSimulator
		{45B65523-FF59-4EF9-8CF6-6F8B5E44D76F}.Debug|x64.ActiveCfg = Debug|iPhone
		{45B65523-FF59-4EF9-8CF6-6F8B5E44D76F}.Debug|x86.ActiveCfg = Debug|iPhone
		{45B65523-FF59-4EF9-8CF6-6F8B5E44D76F}.Release|Any CPU.ActiveCfg = Release|iPhone
		{45B65523-FF59-4EF9-8CF6-6F8B5E44D76F}.Release|ARM.ActiveCfg = Release|iPhone
		{45B65523-FF59-4EF9-8CF6-6F8B5E44D76F}.Release|iPhone.ActiveCfg = Release|iPhone
		{45B65523-FF59-4EF9-8CF6-6F8B5E44D76F}.Release|iPhone.Build.0 = Release|iPhone
		{45B65523-FF59-4EF9-8CF6-6F8B5E44D76F}.Release|iPhoneSimulator.ActiveCfg = Release|iPhoneSimulator
		{45B65523-FF59-4EF9-8CF6-6F8B5E44D76F}.Release|iPhoneSimulator.Build.0 = Release|iPhoneSimulator
		{45B65523-FF59-4EF9-8CF6-6F8B5E44D76F}.Release|x64.ActiveCfg = Release|iPhone
		{45B65523-FF59-4EF9-8CF6-6F8B5E44D76F}.Release|x86.ActiveCfg = Release|iPhone
		{8282E71F-33C5-4DF8-A975-AF3216A9C0A5}.Ad-Hoc|Any CPU.ActiveCfg = Release|Any CPU
		{8282E71F-33C5-4DF8-A975-AF3216A9C0A5}.Ad-Hoc|Any CPU.Build.0 = Release|Any CPU
		{8282E71F-33C5-4DF8-A975-AF3216A9C0A5}.Ad-Hoc|Any CPU.Deploy.0 = Release|Any CPU
		{8282E71F-33C5-4DF8-A975-AF3216A9C0A5}.Ad-Hoc|ARM.ActiveCfg = Release|ARM
		{8282E71F-33C5-4DF8-A975-AF3216A9C0A5}.Ad-Hoc|ARM.Build.0 = Release|ARM
		{8282E71F-33C5-4DF8-A975-AF3216A9C0A5}.Ad-Hoc|ARM.Deploy.0 = Release|ARM
		{8282E71F-33C5-4DF8-A975-AF3216A9C0A5}.Ad-Hoc|iPhone.ActiveCfg = Release|Any CPU
		{8282E71F-33C5-4DF8-A975-AF3216A9C0A5}.Ad-Hoc|iPhone.Build.0 = Release|Any CPU
		{8282E71F-33C5-4DF8-A975-AF3216A9C0A5}.Ad-Hoc|iPhone.Deploy.0 = Release|Any CPU
		{8282E71F-33C5-4DF8-A975-AF3216A9C0A5}.Ad-Hoc|iPhoneSimulator.ActiveCfg = Release|Any CPU
		{8282E71F-33C5-4DF8-A975-AF3216A9C0A5}.Ad-Hoc|iPhoneSimulator.Build.0 = Release|Any CPU
		{8282E71F-33C5-4DF8-A975-AF3216A9C0A5}.Ad-Hoc|iPhoneSimulator.Deploy.0 = Release|Any CPU
		{8282E71F-33C5-4DF8-A975-AF3216A9C0A5}.Ad-Hoc|x64.ActiveCfg = Release|Any CPU
		{8282E71F-33C5-4DF8-A975-AF3216A9C0A5}.Ad-Hoc|x64.Build.0 = Release|Any CPU
		{8282E71F-33C5-4DF8-A975-AF3216A9C0A5}.Ad-Hoc|x64.Deploy.0 = Release|Any CPU
		{8282E71F-33C5-4DF8-A975-AF3216A9C0A5}.Ad-Hoc|x86.ActiveCfg = Release|x86
		{8282E71F-33C5-4DF8-A975-AF3216A9C0A5}.Ad-Hoc|x86.Build.0 = Release|x86
		{8282E71F-33C5-4DF8-A975-AF3216A9C0A5}.Ad-Hoc|x86.Deploy.0 = Release|x86
		{8282E71F-33C5-4DF8-A975-AF3216A9C0A5}.AppStore|Any CPU.ActiveCfg = Release|Any CPU
		{8282E71F-33C5-4DF8-A975-AF3216A9C0A5}.AppStore|Any CPU.Build.0 = Release|Any CPU
		{8282E71F-33C5-4DF8-A975-AF3216A9C0A5}.AppStore|Any CPU.Deploy.0 = Release|Any CPU
		{8282E71F-33C5-4DF8-A975-AF3216A9C0A5}.AppStore|ARM.ActiveCfg = Release|ARM
		{8282E71F-33C5-4DF8-A975-AF3216A9C0A5}.AppStore|ARM.Build.0 = Release|ARM
		{8282E71F-33C5-4DF8-A975-AF3216A9C0A5}.AppStore|ARM.Deploy.0 = Release|ARM
		{8282E71F-33C5-4DF8-A975-AF3216A9C0A5}.AppStore|iPhone.ActiveCfg = Release|Any CPU
		{8282E71F-33C5-4DF8-A975-AF3216A9C0A5}.AppStore|iPhone.Build.0 = Release|Any CPU
		{8282E71F-33C5-4DF8-A975-AF3216A9C0A5}.AppStore|iPhone.Deploy.0 = Release|Any CPU
		{8282E71F-33C5-4DF8-A975-AF3216A9C0A5}.AppStore|iPhoneSimulator.ActiveCfg = Release|Any CPU
		{8282E71F-33C5-4DF8-A975-AF3216A9C0A5}.AppStore|iPhoneSimulator.Build.0 = Release|Any CPU
		{8282E71F-33C5-4DF8-A975-AF3216A9C0A5}.AppStore|iPhoneSimulator.Deploy.0 = Release|Any CPU
		{8282E71F-33C5-4DF8-A975-AF3216A9C0A5}.AppStore|x64.ActiveCfg = Release|Any CPU
		{8282E71F-33C5-4DF8-A975-AF3216A9C0A5}.AppStore|x64.Build.0 = Release|Any CPU
		{8282E71F-33C5-4DF8-A975-AF3216A9C0A5}.AppStore|x64.Deploy.0 = Release|Any CPU
		{8282E71F-33C5-4DF8-A975-AF3216A9C0A5}.AppStore|x86.ActiveCfg = Release|x86
		{8282E71F-33C5-4DF8-A975-AF3216A9C0A5}.AppStore|x86.Build.0 = Release|x86
		{8282E71F-33C5-4DF8-A975-AF3216A9C0A5}.AppStore|x86.Deploy.0 = Release|x86
		{8282E71F-33C5-4DF8-A975-AF3216A9C0A5}.Debug|Any CPU.ActiveCfg = Debug|Any CPU
		{8282E71F-33C5-4DF8-A975-AF3216A9C0A5}.Debug|Any CPU.Build.0 = Debug|Any CPU
		{8282E71F-33C5-4DF8-A975-AF3216A9C0A5}.Debug|Any CPU.Deploy.0 = Debug|Any CPU
		{8282E71F-33C5-4DF8-A975-AF3216A9C0A5}.Debug|ARM.ActiveCfg = Debug|ARM
		{8282E71F-33C5-4DF8-A975-AF3216A9C0A5}.Debug|ARM.Build.0 = Debug|ARM
		{8282E71F-33C5-4DF8-A975-AF3216A9C0A5}.Debug|ARM.Deploy.0 = Debug|ARM
		{8282E71F-33C5-4DF8-A975-AF3216A9C0A5}.Debug|iPhone.ActiveCfg = Debug|Any CPU
		{8282E71F-33C5-4DF8-A975-AF3216A9C0A5}.Debug|iPhone.Build.0 = Debug|Any CPU
		{8282E71F-33C5-4DF8-A975-AF3216A9C0A5}.Debug|iPhone.Deploy.0 = Debug|Any CPU
		{8282E71F-33C5-4DF8-A975-AF3216A9C0A5}.Debug|iPhoneSimulator.ActiveCfg = Debug|Any CPU
		{8282E71F-33C5-4DF8-A975-AF3216A9C0A5}.Debug|iPhoneSimulator.Build.0 = Debug|Any CPU
		{8282E71F-33C5-4DF8-A975-AF3216A9C0A5}.Debug|iPhoneSimulator.Deploy.0 = Debug|Any CPU
		{8282E71F-33C5-4DF8-A975-AF3216A9C0A5}.Debug|x64.ActiveCfg = Debug|Any CPU
		{8282E71F-33C5-4DF8-A975-AF3216A9C0A5}.Debug|x64.Build.0 = Debug|Any CPU
		{8282E71F-33C5-4DF8-A975-AF3216A9C0A5}.Debug|x64.Deploy.0 = Debug|Any CPU
		{8282E71F-33C5-4DF8-A975-AF3216A9C0A5}.Debug|x86.ActiveCfg = Debug|x86
		{8282E71F-33C5-4DF8-A975-AF3216A9C0A5}.Debug|x86.Build.0 = Debug|x86
		{8282E71F-33C5-4DF8-A975-AF3216A9C0A5}.Debug|x86.Deploy.0 = Debug|x86
		{8282E71F-33C5-4DF8-A975-AF3216A9C0A5}.Release|Any CPU.ActiveCfg = Release|Any CPU
		{8282E71F-33C5-4DF8-A975-AF3216A9C0A5}.Release|Any CPU.Build.0 = Release|Any CPU
		{8282E71F-33C5-4DF8-A975-AF3216A9C0A5}.Release|Any CPU.Deploy.0 = Release|Any CPU
		{8282E71F-33C5-4DF8-A975-AF3216A9C0A5}.Release|ARM.ActiveCfg = Release|ARM
		{8282E71F-33C5-4DF8-A975-AF3216A9C0A5}.Release|ARM.Build.0 = Release|ARM
		{8282E71F-33C5-4DF8-A975-AF3216A9C0A5}.Release|ARM.Deploy.0 = Release|ARM
		{8282E71F-33C5-4DF8-A975-AF3216A9C0A5}.Release|iPhone.ActiveCfg = Release|Any CPU
		{8282E71F-33C5-4DF8-A975-AF3216A9C0A5}.Release|iPhone.Build.0 = Release|Any CPU
		{8282E71F-33C5-4DF8-A975-AF3216A9C0A5}.Release|iPhone.Deploy.0 = Release|Any CPU
		{8282E71F-33C5-4DF8-A975-AF3216A9C0A5}.Release|iPhoneSimulator.ActiveCfg = Release|Any CPU
		{8282E71F-33C5-4DF8-A975-AF3216A9C0A5}.Release|iPhoneSimulator.Build.0 = Release|Any CPU
		{8282E71F-33C5-4DF8-A975-AF3216A9C0A5}.Release|iPhoneSimulator.Deploy.0 = Release|Any CPU
		{8282E71F-33C5-4DF8-A975-AF3216A9C0A5}.Release|x64.ActiveCfg = Release|Any CPU
		{8282E71F-33C5-4DF8-A975-AF3216A9C0A5}.Release|x64.Build.0 = Release|Any CPU
		{8282E71F-33C5-4DF8-A975-AF3216A9C0A5}.Release|x64.Deploy.0 = Release|Any CPU
		{8282E71F-33C5-4DF8-A975-AF3216A9C0A5}.Release|x86.ActiveCfg = Release|x86
		{8282E71F-33C5-4DF8-A975-AF3216A9C0A5}.Release|x86.Build.0 = Release|x86
		{8282E71F-33C5-4DF8-A975-AF3216A9C0A5}.Release|x86.Deploy.0 = Release|x86
		{B34A95AE-0CBD-4D11-95CD-869ED36B99F6}.Ad-Hoc|Any CPU.ActiveCfg = Release|Any CPU
		{B34A95AE-0CBD-4D11-95CD-869ED36B99F6}.Ad-Hoc|Any CPU.Build.0 = Release|Any CPU
		{B34A95AE-0CBD-4D11-95CD-869ED36B99F6}.Ad-Hoc|Any CPU.Deploy.0 = Release|Any CPU
		{B34A95AE-0CBD-4D11-95CD-869ED36B99F6}.Ad-Hoc|ARM.ActiveCfg = Release|ARM
		{B34A95AE-0CBD-4D11-95CD-869ED36B99F6}.Ad-Hoc|ARM.Build.0 = Release|ARM
		{B34A95AE-0CBD-4D11-95CD-869ED36B99F6}.Ad-Hoc|ARM.Deploy.0 = Release|ARM
		{B34A95AE-0CBD-4D11-95CD-869ED36B99F6}.Ad-Hoc|iPhone.ActiveCfg = Release|Any CPU
		{B34A95AE-0CBD-4D11-95CD-869ED36B99F6}.Ad-Hoc|iPhone.Build.0 = Release|Any CPU
		{B34A95AE-0CBD-4D11-95CD-869ED36B99F6}.Ad-Hoc|iPhone.Deploy.0 = Release|Any CPU
		{B34A95AE-0CBD-4D11-95CD-869ED36B99F6}.Ad-Hoc|iPhoneSimulator.ActiveCfg = Release|Any CPU
		{B34A95AE-0CBD-4D11-95CD-869ED36B99F6}.Ad-Hoc|iPhoneSimulator.Build.0 = Release|Any CPU
		{B34A95AE-0CBD-4D11-95CD-869ED36B99F6}.Ad-Hoc|iPhoneSimulator.Deploy.0 = Release|Any CPU
		{B34A95AE-0CBD-4D11-95CD-869ED36B99F6}.Ad-Hoc|x64.ActiveCfg = Release|x64
		{B34A95AE-0CBD-4D11-95CD-869ED36B99F6}.Ad-Hoc|x64.Build.0 = Release|x64
		{B34A95AE-0CBD-4D11-95CD-869ED36B99F6}.Ad-Hoc|x64.Deploy.0 = Release|x64
		{B34A95AE-0CBD-4D11-95CD-869ED36B99F6}.Ad-Hoc|x86.ActiveCfg = Release|x86
		{B34A95AE-0CBD-4D11-95CD-869ED36B99F6}.Ad-Hoc|x86.Build.0 = Release|x86
		{B34A95AE-0CBD-4D11-95CD-869ED36B99F6}.Ad-Hoc|x86.Deploy.0 = Release|x86
		{B34A95AE-0CBD-4D11-95CD-869ED36B99F6}.AppStore|Any CPU.ActiveCfg = Release|Any CPU
		{B34A95AE-0CBD-4D11-95CD-869ED36B99F6}.AppStore|Any CPU.Build.0 = Release|Any CPU
		{B34A95AE-0CBD-4D11-95CD-869ED36B99F6}.AppStore|Any CPU.Deploy.0 = Release|Any CPU
		{B34A95AE-0CBD-4D11-95CD-869ED36B99F6}.AppStore|ARM.ActiveCfg = Release|ARM
		{B34A95AE-0CBD-4D11-95CD-869ED36B99F6}.AppStore|ARM.Build.0 = Release|ARM
		{B34A95AE-0CBD-4D11-95CD-869ED36B99F6}.AppStore|ARM.Deploy.0 = Release|ARM
		{B34A95AE-0CBD-4D11-95CD-869ED36B99F6}.AppStore|iPhone.ActiveCfg = Release|Any CPU
		{B34A95AE-0CBD-4D11-95CD-869ED36B99F6}.AppStore|iPhone.Build.0 = Release|Any CPU
		{B34A95AE-0CBD-4D11-95CD-869ED36B99F6}.AppStore|iPhone.Deploy.0 = Release|Any CPU
		{B34A95AE-0CBD-4D11-95CD-869ED36B99F6}.AppStore|iPhoneSimulator.ActiveCfg = Release|Any CPU
		{B34A95AE-0CBD-4D11-95CD-869ED36B99F6}.AppStore|iPhoneSimulator.Build.0 = Release|Any CPU
		{B34A95AE-0CBD-4D11-95CD-869ED36B99F6}.AppStore|iPhoneSimulator.Deploy.0 = Release|Any CPU
		{B34A95AE-0CBD-4D11-95CD-869ED36B99F6}.AppStore|x64.ActiveCfg = Release|x64
		{B34A95AE-0CBD-4D11-95CD-869ED36B99F6}.AppStore|x64.Build.0 = Release|x64
		{B34A95AE-0CBD-4D11-95CD-869ED36B99F6}.AppStore|x64.Deploy.0 = Release|x64
		{B34A95AE-0CBD-4D11-95CD-869ED36B99F6}.AppStore|x86.ActiveCfg = Release|x86
		{B34A95AE-0CBD-4D11-95CD-869ED36B99F6}.AppStore|x86.Build.0 = Release|x86
		{B34A95AE-0CBD-4D11-95CD-869ED36B99F6}.AppStore|x86.Deploy.0 = Release|x86
		{B34A95AE-0CBD-4D11-95CD-869ED36B99F6}.Debug|Any CPU.ActiveCfg = Debug|Any CPU
		{B34A95AE-0CBD-4D11-95CD-869ED36B99F6}.Debug|Any CPU.Build.0 = Debug|Any CPU
		{B34A95AE-0CBD-4D11-95CD-869ED36B99F6}.Debug|Any CPU.Deploy.0 = Debug|Any CPU
		{B34A95AE-0CBD-4D11-95CD-869ED36B99F6}.Debug|ARM.ActiveCfg = Debug|ARM
		{B34A95AE-0CBD-4D11-95CD-869ED36B99F6}.Debug|ARM.Build.0 = Debug|ARM
		{B34A95AE-0CBD-4D11-95CD-869ED36B99F6}.Debug|ARM.Deploy.0 = Debug|ARM
		{B34A95AE-0CBD-4D11-95CD-869ED36B99F6}.Debug|iPhone.ActiveCfg = Debug|Any CPU
		{B34A95AE-0CBD-4D11-95CD-869ED36B99F6}.Debug|iPhone.Build.0 = Debug|Any CPU
		{B34A95AE-0CBD-4D11-95CD-869ED36B99F6}.Debug|iPhone.Deploy.0 = Debug|Any CPU
		{B34A95AE-0CBD-4D11-95CD-869ED36B99F6}.Debug|iPhoneSimulator.ActiveCfg = Debug|Any CPU
		{B34A95AE-0CBD-4D11-95CD-869ED36B99F6}.Debug|iPhoneSimulator.Build.0 = Debug|Any CPU
		{B34A95AE-0CBD-4D11-95CD-869ED36B99F6}.Debug|iPhoneSimulator.Deploy.0 = Debug|Any CPU
		{B34A95AE-0CBD-4D11-95CD-869ED36B99F6}.Debug|x64.ActiveCfg = Debug|x64
		{B34A95AE-0CBD-4D11-95CD-869ED36B99F6}.Debug|x64.Build.0 = Debug|x64
		{B34A95AE-0CBD-4D11-95CD-869ED36B99F6}.Debug|x64.Deploy.0 = Debug|x64
		{B34A95AE-0CBD-4D11-95CD-869ED36B99F6}.Debug|x86.ActiveCfg = Debug|x86
		{B34A95AE-0CBD-4D11-95CD-869ED36B99F6}.Debug|x86.Build.0 = Debug|x86
		{B34A95AE-0CBD-4D11-95CD-869ED36B99F6}.Debug|x86.Deploy.0 = Debug|x86
		{B34A95AE-0CBD-4D11-95CD-869ED36B99F6}.Release|Any CPU.ActiveCfg = Release|Any CPU
		{B34A95AE-0CBD-4D11-95CD-869ED36B99F6}.Release|Any CPU.Build.0 = Release|Any CPU
		{B34A95AE-0CBD-4D11-95CD-869ED36B99F6}.Release|Any CPU.Deploy.0 = Release|Any CPU
		{B34A95AE-0CBD-4D11-95CD-869ED36B99F6}.Release|ARM.ActiveCfg = Release|ARM
		{B34A95AE-0CBD-4D11-95CD-869ED36B99F6}.Release|ARM.Build.0 = Release|ARM
		{B34A95AE-0CBD-4D11-95CD-869ED36B99F6}.Release|ARM.Deploy.0 = Release|ARM
		{B34A95AE-0CBD-4D11-95CD-869ED36B99F6}.Release|iPhone.ActiveCfg = Release|Any CPU
		{B34A95AE-0CBD-4D11-95CD-869ED36B99F6}.Release|iPhone.Build.0 = Release|Any CPU
		{B34A95AE-0CBD-4D11-95CD-869ED36B99F6}.Release|iPhone.Deploy.0 = Release|Any CPU
		{B34A95AE-0CBD-4D11-95CD-869ED36B99F6}.Release|iPhoneSimulator.ActiveCfg = Release|Any CPU
		{B34A95AE-0CBD-4D11-95CD-869ED36B99F6}.Release|iPhoneSimulator.Build.0 = Release|Any CPU
		{B34A95AE-0CBD-4D11-95CD-869ED36B99F6}.Release|iPhoneSimulator.Deploy.0 = Release|Any CPU
		{B34A95AE-0CBD-4D11-95CD-869ED36B99F6}.Release|x64.ActiveCfg = Release|x64
		{B34A95AE-0CBD-4D11-95CD-869ED36B99F6}.Release|x64.Build.0 = Release|x64
		{B34A95AE-0CBD-4D11-95CD-869ED36B99F6}.Release|x64.Deploy.0 = Release|x64
		{B34A95AE-0CBD-4D11-95CD-869ED36B99F6}.Release|x86.ActiveCfg = Release|x86
		{B34A95AE-0CBD-4D11-95CD-869ED36B99F6}.Release|x86.Build.0 = Release|x86
		{B34A95AE-0CBD-4D11-95CD-869ED36B99F6}.Release|x86.Deploy.0 = Release|x86
	EndGlobalSection
	GlobalSection(SolutionProperties) = preSolution
		HideSolutionNode = FALSE
	EndGlobalSection
EndGlobal
